{
  "name": "stories",
  "lockfileVersion": 2,
  "requires": true,
  "packages": {
    "": {
      "name": "stories",
      "dependencies": {
        "sidr": "^2.2.1"
      }
    },
    "node_modules/jquery": {
      "version": "3.6.0",
      "resolved": "https://registry.npmjs.org/jquery/-/jquery-3.6.0.tgz",
      "integrity": "sha512-JVzAR/AjBvVt2BmYhxRCSYysDsPcssdmTFnzyLEts9qNwmjmu4JTAMYubEfwVOSwpQ1I1sKKFcxhZCI2buerfw=="
    },
    "node_modules/sidr": {
      "version": "2.2.1",
      "resolved": "https://registry.npmjs.org/sidr/-/sidr-2.2.1.tgz",
      "integrity": "sha1-IpE3ZXXSVZ9LDFY/fUDiJN0+zHA=",
      "dependencies": {
        "jquery": ">=1.4.3"
      },
      "engines": {
        "node": ">= 0.6.0"
      }
    }
  },
  "dependencies": {
    "jquery": {
      "version": "3.6.0",
      "resolved": "https://registry.npmjs.org/jquery/-/jquery-3.6.0.tgz",
      "integrity": "sha512-JVzAR/AjBvVt2BmYhxRCSYysDsPcssdmTFnzyLEts9qNwmjmu4JTAMYubEfwVOSwpQ1I1sKKFcxhZCI2buerfw=="
    },
    "sidr": {
      "version": "2.2.1",
      "resolved": "https://registry.npmjs.org/sidr/-/sidr-2.2.1.tgz",
      "integrity": "sha1-IpE3ZXXSVZ9LDFY/fUDiJN0+zHA=",
      "requires": {
        "jquery": ">=1.4.3"
      }
    }
  }
}
